
Microsoft Visual Studio Solution File, Format Version 12.00
# Visual Studio Version 16
VisualStudioVersion = 16.0.30114.105
MinimumVisualStudioVersion = 10.0.40219.1
Project("{FAE04EC0-301F-11D3-BF4B-00C04F79EFBC}") = "MVCDemo", "MVCDemo\MVCDemo.csproj", "{937E0618-1C09-452E-822A-DD39A94E173F}"
EndProject
Global
	GlobalSection(SolutionConfigurationPlatforms) = preSolution
		Debug|Any CPU = Debug|Any CPU
		Release|Any CPU = Release|Any CPU
	EndGlobalSection
	GlobalSection(ProjectConfigurationPlatforms) = postSolution
		{937E0618-1C09-452E-822A-DD39A94E173F}.Debug|Any CPU.ActiveCfg = Debug|Any CPU
		{937E0618-1C09-452E-822A-DD39A94E173F}.Debug|Any CPU.Build.0 = Debug|Any CPU
		{937E0618-1C09-452E-822A-DD39A94E173F}.Release|Any CPU.ActiveCfg = Release|Any CPU
		{937E0618-1C09-452E-822A-DD39A94E173F}.Release|Any CPU.Build.0 = Release|Any CPU
	EndGlobalSection
	GlobalSection(SolutionProperties) = preSolution
		HideSolutionNode = FALSE
	EndGlobalSection
	GlobalSection(ExtensibilityGlobals) = postSolution
		SolutionGuid = {8D1B5C90-1BC1-455D-9335-2FBF9CBA1198}
	EndGlobalSection
EndGlobal
